// !$*UTF8*$!
{
	archiveVersion = 1;
	classes = {
	};
	objectVersion = 56;
	objects = {

/* Begin PBXBuildFile section */
		234572E228FA1EFC00939CE6 /* HexagonShape.swift in Sources */ = {isa = PBXBuildFile; fileRef = 234572E128FA1EFC00939CE6 /* HexagonShape.swift */; };
		2358707928FAACE1005D5609 /* NavigationViewModel.swift in Sources */ = {isa = PBXBuildFile; fileRef = 2358707828FAACE1005D5609 /* NavigationViewModel.swift */; };
		236CD7A628F9AE53006670CC /* MidCardView.swift in Sources */ = {isa = PBXBuildFile; fileRef = 236CD7A528F9AE53006670CC /* MidCardView.swift */; };
		2387F91828F9B823007085E1 /* SellingMidCard.swift in Sources */ = {isa = PBXBuildFile; fileRef = 2387F91728F9B823007085E1 /* SellingMidCard.swift */; };
		238E6F3628FAF190004E38A6 /* 3.gif in Resources */ = {isa = PBXBuildFile; fileRef = 238E6F3028FAF18F004E38A6 /* 3.gif */; };
		238E6F3728FAF190004E38A6 /* nftShowcase.png in Resources */ = {isa = PBXBuildFile; fileRef = 238E6F3128FAF18F004E38A6 /* nftShowcase.png */; };
		238E6F3828FAF190004E38A6 /* 2.gif in Resources */ = {isa = PBXBuildFile; fileRef = 238E6F3228FAF18F004E38A6 /* 2.gif */; };
		238E6F3928FAF190004E38A6 /* 5.gif in Resources */ = {isa = PBXBuildFile; fileRef = 238E6F3328FAF18F004E38A6 /* 5.gif */; };
		238E6F3A28FAF190004E38A6 /* 4.gif in Resources */ = {isa = PBXBuildFile; fileRef = 238E6F3428FAF18F004E38A6 /* 4.gif */; };
		238E6F3B28FAF190004E38A6 /* 1.gif in Resources */ = {isa = PBXBuildFile; fileRef = 238E6F3528FAF190004E38A6 /* 1.gif */; };
		23C14C7728FAB7BA00601673 /* Popular.swift in Sources */ = {isa = PBXBuildFile; fileRef = 23C14C7628FAB7BA00601673 /* Popular.swift */; };
		23DE674F28F98E7500F5AC6A /* NFTAppApp.swift in Sources */ = {isa = PBXBuildFile; fileRef = 23DE674E28F98E7500F5AC6A /* NFTAppApp.swift */; };
		23DE675128F98E7500F5AC6A /* ContentView.swift in Sources */ = {isa = PBXBuildFile; fileRef = 23DE675028F98E7500F5AC6A /* ContentView.swift */; };
		23DE675328F98E7600F5AC6A /* Assets.xcassets in Resources */ = {isa = PBXBuildFile; fileRef = 23DE675228F98E7600F5AC6A /* Assets.xcassets */; };
		23DE675728F98E7600F5AC6A /* Preview Assets.xcassets in Resources */ = {isa = PBXBuildFile; fileRef = 23DE675628F98E7600F5AC6A /* Preview Assets.xcassets */; };
		23DE676428F990F200F5AC6A /* NFTItems.swift in Sources */ = {isa = PBXBuildFile; fileRef = 23DE676328F990F200F5AC6A /* NFTItems.swift */; };
		23DE676628F9917400F5AC6A /* Home.swift in Sources */ = {isa = PBXBuildFile; fileRef = 23DE676528F9917400F5AC6A /* Home.swift */; };
		23DE676828F99BFC00F5AC6A /* BigCardView.swift in Sources */ = {isa = PBXBuildFile; fileRef = 23DE676728F99BFC00F5AC6A /* BigCardView.swift */; };
		23F7B6D928F9BD7F00D310F4 /* TabManager.swift in Sources */ = {isa = PBXBuildFile; fileRef = 23F7B6D828F9BD7F00D310F4 /* TabManager.swift */; };
		23F7B6DB28F9BE4C00D310F4 /* NavigationModels.swift in Sources */ = {isa = PBXBuildFile; fileRef = 23F7B6DA28F9BE4C00D310F4 /* NavigationModels.swift */; };
		23F7B6DD28F9C20600D310F4 /* TabBarShape.swift in Sources */ = {isa = PBXBuildFile; fileRef = 23F7B6DC28F9C20600D310F4 /* TabBarShape.swift */; };
/* End PBXBuildFile section */

/* Begin PBXFileReference section */
		234572E128FA1EFC00939CE6 /* HexagonShape.swift */ = {isa = PBXFileReference; lastKnownFileType = sourcecode.swift; path = HexagonShape.swift; sourceTree = "<group>"; };
		2358707828FAACE1005D5609 /* NavigationViewModel.swift */ = {isa = PBXFileReference; lastKnownFileType = sourcecode.swift; path = NavigationViewModel.swift; sourceTree = "<group>"; };
		236CD7A528F9AE53006670CC /* MidCardView.swift */ = {isa = PBXFileReference; lastKnownFileType = sourcecode.swift; path = MidCardView.swift; sourceTree = "<group>"; };
		2387F91728F9B823007085E1 /* SellingMidCard.swift */ = {isa = PBXFileReference; lastKnownFileType = sourcecode.swift; path = SellingMidCard.swift; sourceTree = "<group>"; };
		238E6F2E28FAF15D004E38A6 /* README.md */ = {isa = PBXFileReference; lastKnownFileType = net.daringfireball.markdown; path = README.md; sourceTree = "<group>"; };
		238E6F3028FAF18F004E38A6 /* 3.gif */ = {isa = PBXFileReference; lastKnownFileType = image.gif; path = 3.gif; sourceTree = "<group>"; };
		238E6F3128FAF18F004E38A6 /* nftShowcase.png */ = {isa = PBXFileReference; lastKnownFileType = image.png; path = nftShowcase.png; sourceTree = "<group>"; };
		238E6F3228FAF18F004E38A6 /* 2.gif */ = {isa = PBXFileReference; lastKnownFileType = image.gif; path = 2.gif; sourceTree = "<group>"; };
		238E6F3328FAF18F004E38A6 /* 5.gif */ = {isa = PBXFileReference; lastKnownFileType = image.gif; path = 5.gif; sourceTree = "<group>"; };
		238E6F3428FAF18F004E38A6 /* 4.gif */ = {isa = PBXFileReference; lastKnownFileType = image.gif; path = 4.gif; sourceTree = "<group>"; };
		238E6F3528FAF190004E38A6 /* 1.gif */ = {isa = PBXFileReference; lastKnownFileType = image.gif; path = 1.gif; sourceTree = "<group>"; };
		23C14C7628FAB7BA00601673 /* Popular.swift */ = {isa = PBXFileReference; lastKnownFileType = sourcecode.swift; path = Popular.swift; sourceTree = "<group>"; };
		23DE674B28F98E7500F5AC6A /* NFTApp.app */ = {isa = PBXFileReference; explicitFileType = wrapper.application; includeInIndex = 0; path = NFTApp.app; sourceTree = BUILT_PRODUCTS_DIR; };
		23DE674E28F98E7500F5AC6A /* NFTAppApp.swift */ = {isa = PBXFileReference; lastKnownFileType = sourcecode.swift; path = NFTAppApp.swift; sourceTree = "<group>"; };
		23DE675028F98E7500F5AC6A /* ContentView.swift */ = {isa = PBXFileReference; lastKnownFileType = sourcecode.swift; path = ContentView.swift; sourceTree = "<group>"; };
		23DE675228F98E7600F5AC6A /* Assets.xcassets */ = {isa = PBXFileReference; lastKnownFileType = folder.assetcatalog; path = Assets.xcassets; sourceTree = "<group>"; };
		23DE675428F98E7600F5AC6A /* NFTApp.entitlements */ = {isa = PBXFileReference; lastKnownFileType = text.plist.entitlements; path = NFTApp.entitlements; sourceTree = "<group>"; };
		23DE675628F98E7600F5AC6A /* Preview Assets.xcassets */ = {isa = PBXFileReference; lastKnownFileType = folder.assetcatalog; path = "Preview Assets.xcassets"; sourceTree = "<group>"; };
		23DE676328F990F200F5AC6A /* NFTItems.swift */ = {isa = PBXFileReference; lastKnownFileType = sourcecode.swift; path = NFTItems.swift; sourceTree = "<group>"; };
		23DE676528F9917400F5AC6A /* Home.swift */ = {isa = PBXFileReference; lastKnownFileType = sourcecode.swift; path = Home.swift; sourceTree = "<group>"; };
		23DE676728F99BFC00F5AC6A /* BigCardView.swift */ = {isa = PBXFileReference; lastKnownFileType = sourcecode.swift; path = BigCardView.swift; sourceTree = "<group>"; };
		23F7B6D828F9BD7F00D310F4 /* TabManager.swift */ = {isa = PBXFileReference; lastKnownFileType = sourcecode.swift; path = TabManager.swift; sourceTree = "<group>"; };
		23F7B6DA28F9BE4C00D310F4 /* NavigationModels.swift */ = {isa = PBXFileReference; lastKnownFileType = sourcecode.swift; path = NavigationModels.swift; sourceTree = "<group>"; };
		23F7B6DC28F9C20600D310F4 /* TabBarShape.swift */ = {isa = PBXFileReference; lastKnownFileType = sourcecode.swift; path = TabBarShape.swift; sourceTree = "<group>"; };
/* End PBXFileReference section */

/* Begin PBXFrameworksBuildPhase section */
		23DE674828F98E7500F5AC6A /* Frameworks */ = {
			isa = PBXFrameworksBuildPhase;
			buildActionMask = 2147483647;
			files = (
			);
			runOnlyForDeploymentPostprocessing = 0;
		};
/* End PBXFrameworksBuildPhase section */

/* Begin PBXGroup section */
		238E6F2F28FAF16B004E38A6 /* images */ = {
			isa = PBXGroup;
			children = (
				238E6F3528FAF190004E38A6 /* 1.gif */,
				238E6F3228FAF18F004E38A6 /* 2.gif */,
				238E6F3028FAF18F004E38A6 /* 3.gif */,
				238E6F3428FAF18F004E38A6 /* 4.gif */,
				238E6F3328FAF18F004E38A6 /* 5.gif */,
				238E6F3128FAF18F004E38A6 /* nftShowcase.png */,
			);
			path = images;
			sourceTree = "<group>";
		};
		23DE674228F98E7500F5AC6A = {
			isa = PBXGroup;
			children = (
				238E6F2E28FAF15D004E38A6 /* README.md */,
				238E6F2F28FAF16B004E38A6 /* images */,
				23DE674D28F98E7500F5AC6A /* NFTApp */,
				23DE674C28F98E7500F5AC6A /* Products */,
			);
			sourceTree = "<group>";
		};
		23DE674C28F98E7500F5AC6A /* Products */ = {
			isa = PBXGroup;
			children = (
				23DE674B28F98E7500F5AC6A /* NFTApp.app */,
			);
			name = Products;
			sourceTree = "<group>";
		};
		23DE674D28F98E7500F5AC6A /* NFTApp */ = {
			isa = PBXGroup;
			children = (
				23DE676028F98E9000F5AC6A /* Components */,
				23DE675F28F98E8E00F5AC6A /* Model */,
				23DE675E28F98E8200F5AC6A /* ViewModel */,
				23DE675D28F98E8000F5AC6A /* View */,
				23DE674E28F98E7500F5AC6A /* NFTAppApp.swift */,
				23DE675028F98E7500F5AC6A /* ContentView.swift */,
				23DE675228F98E7600F5AC6A /* Assets.xcassets */,
				23DE675428F98E7600F5AC6A /* NFTApp.entitlements */,
				23DE675528F98E7600F5AC6A /* Preview Content */,
			);
			path = NFTApp;
			sourceTree = "<group>";
		};
		23DE675528F98E7600F5AC6A /* Preview Content */ = {
			isa = PBXGroup;
			children = (
				23DE675628F98E7600F5AC6A /* Preview Assets.xcassets */,
			);
			path = "Preview Content";
			sourceTree = "<group>";
		};
		23DE675D28F98E8000F5AC6A /* View */ = {
			isa = PBXGroup;
			children = (
				23DE676528F9917400F5AC6A /* Home.swift */,
				23C14C7628FAB7BA00601673 /* Popular.swift */,
				23F7B6D828F9BD7F00D310F4 /* TabManager.swift */,
			);
			path = View;
			sourceTree = "<group>";
		};
		23DE675E28F98E8200F5AC6A /* ViewModel */ = {
			isa = PBXGroup;
			children = (
				2358707828FAACE1005D5609 /* NavigationViewModel.swift */,
			);
			path = ViewModel;
			sourceTree = "<group>";
		};
		23DE675F28F98E8E00F5AC6A /* Model */ = {
			isa = PBXGroup;
			children = (
				23DE676328F990F200F5AC6A /* NFTItems.swift */,
				23F7B6DA28F9BE4C00D310F4 /* NavigationModels.swift */,
			);
			path = Model;
			sourceTree = "<group>";
		};
		23DE676028F98E9000F5AC6A /* Components */ = {
			isa = PBXGroup;
			children = (
				23DE676728F99BFC00F5AC6A /* BigCardView.swift */,
				236CD7A528F9AE53006670CC /* MidCardView.swift */,
				2387F91728F9B823007085E1 /* SellingMidCard.swift */,
				23F7B6DC28F9C20600D310F4 /* TabBarShape.swift */,
				234572E128FA1EFC00939CE6 /* HexagonShape.swift */,
			);
			path = Components;
			sourceTree = "<group>";
		};
/* End PBXGroup section */

/* Begin PBXNativeTarget section */
		23DE674A28F98E7500F5AC6A /* NFTApp */ = {
			isa = PBXNativeTarget;
			buildConfigurationList = 23DE675A28F98E7600F5AC6A /* Build configuration list for PBXNativeTarget "NFTApp" */;
			buildPhases = (
				23DE674728F98E7500F5AC6A /* Sources */,
				23DE674828F98E7500F5AC6A /* Frameworks */,
				23DE674928F98E7500F5AC6A /* Resources */,
			);
			buildRules = (
			);
			dependencies = (
			);
			name = NFTApp;
			productName = NFTApp;
			productReference = 23DE674B28F98E7500F5AC6A /* NFTApp.app */;
			productType = "com.apple.product-type.application";
		};
/* End PBXNativeTarget section */

/* Begin PBXProject section */
		23DE674328F98E7500F5AC6A /* Project object */ = {
			isa = PBXProject;
			attributes = {
				BuildIndependentTargetsInParallel = 1;
				LastSwiftUpdateCheck = 1400;
				LastUpgradeCheck = 1400;
				TargetAttributes = {
					23DE674A28F98E7500F5AC6A = {
						CreatedOnToolsVersion = 14.0.1;
					};
				};
			};
			buildConfigurationList = 23DE674628F98E7500F5AC6A /* Build configuration list for PBXProject "NFTApp" */;
			compatibilityVersion = "Xcode 14.0";
			developmentRegion = en;
			hasScannedForEncodings = 0;
			knownRegions = (
				en,
				Base,
			);
			mainGroup = 23DE674228F98E7500F5AC6A;
			productRefGroup = 23DE674C28F98E7500F5AC6A /* Products */;
			projectDirPath = "";
			projectRoot = "";
			targets = (
				23DE674A28F98E7500F5AC6A /* NFTApp */,
			);
		};
/* End PBXProject section */

/* Begin PBXResourcesBuildPhase section */
		23DE674928F98E7500F5AC6A /* Resources */ = {
			isa = PBXResourcesBuildPhase;
			buildActionMask = 2147483647;
			files = (
				238E6F3928FAF190004E38A6 /* 5.gif in Resources */,
				238E6F3628FAF190004E38A6 /* 3.gif in Resources */,
				238E6F3B28FAF190004E38A6 /* 1.gif in Resources */,
				238E6F3828FAF190004E38A6 /* 2.gif in Resources */,
				23DE675728F98E7600F5AC6A /* Preview Assets.xcassets in Resources */,
				23DE675328F98E7600F5AC6A /* Assets.xcassets in Resources */,
				238E6F3728FAF190004E38A6 /* nftShowcase.png in Resources */,
				238E6F3A28FAF190004E38A6 /* 4.gif in Resources */,
			);
			runOnlyForDeploymentPostprocessing = 0;
		};
/* End PBXResourcesBuildPhase section */

/* Begin PBXSourcesBuildPhase section */
		23DE674728F98E7500F5AC6A /* Sources */ = {
			isa = PBXSourcesBuildPhase;
			buildActionMask = 2147483647;
			files = (
				2358707928FAACE1005D5609 /* NavigationViewModel.swift in Sources */,
				234572E228FA1EFC00939CE6 /* HexagonShape.swift in Sources */,
				23DE675128F98E7500F5AC6A /* ContentView.swift in Sources */,
				236CD7A628F9AE53006670CC /* MidCardView.swift in Sources */,
				23C14C7728FAB7BA00601673 /* Popular.swift in Sources */,
				23DE676628F9917400F5AC6A /* Home.swift in Sources */,
				23F7B6DB28F9BE4C00D310F4 /* NavigationModels.swift in Sources */,
				23DE674F28F98E7500F5AC6A /* NFTAppApp.swift in Sources */,
				23DE676428F990F200F5AC6A /* NFTItems.swift in Sources */,
				23F7B6D928F9BD7F00D310F4 /* TabManager.swift in Sources */,
				23F7B6DD28F9C20600D310F4 /* TabBarShape.swift in Sources */,
				23DE676828F99BFC00F5AC6A /* BigCardView.swift in Sources */,
				2387F91828F9B823007085E1 /* SellingMidCard.swift in Sources */,
			);
			runOnlyForDeploymentPostprocessing = 0;
		};
/* End PBXSourcesBuildPhase section */

/* Begin XCBuildConfiguration section */
		23DE675828F98E7600F5AC6A /* Debug */ = {
			isa = XCBuildConfiguration;
			buildSettings = {
				ALWAYS_SEARCH_USER_PATHS = NO;
				CLANG_ANALYZER_NONNULL = YES;
				CLANG_ANALYZER_NUMBER_OBJECT_CONVERSION = YES_AGGRESSIVE;
				CLANG_CXX_LANGUAGE_STANDARD = "gnu++20";
				CLANG_ENABLE_MODULES = YES;
				CLANG_ENABLE_OBJC_ARC = YES;
				CLANG_ENABLE_OBJC_WEAK = YES;
				CLANG_WARN_BLOCK_CAPTURE_AUTORELEASING = YES;
				CLANG_WARN_BOOL_CONVERSION = YES;
				CLANG_WARN_COMMA = YES;
				CLANG_WARN_CONSTANT_CONVERSION = YES;
				CLANG_WARN_DEPRECATED_OBJC_IMPLEMENTATIONS = YES;
				CLANG_WARN_DIRECT_OBJC_ISA_USAGE = YES_ERROR;
				CLANG_WARN_DOCUMENTATION_COMMENTS = YES;
				CLANG_WARN_EMPTY_BODY = YES;
				CLANG_WARN_ENUM_CONVERSION = YES;
				CLANG_WARN_INFINITE_RECURSION = YES;
				CLANG_WARN_INT_CONVERSION = YES;
				CLANG_WARN_NON_LITERAL_NULL_CONVERSION = YES;
				CLANG_WARN_OBJC_IMPLICIT_RETAIN_SELF = YES;
				CLANG_WARN_OBJC_LITERAL_CONVERSION = YES;
				CLANG_WARN_OBJC_ROOT_CLASS = YES_ERROR;
				CLANG_WARN_QUOTED_INCLUDE_IN_FRAMEWORK_HEADER = YES;
				CLANG_WARN_RANGE_LOOP_ANALYSIS = YES;
				CLANG_WARN_STRICT_PROTOTYPES = YES;
				CLANG_WARN_SUSPICIOUS_MOVE = YES;
				CLANG_WARN_UNGUARDED_AVAILABILITY = YES_AGGRESSIVE;
				CLANG_WARN_UNREACHABLE_CODE = YES;
				CLANG_WARN__DUPLICATE_METHOD_MATCH = YES;
				COPY_PHASE_STRIP = NO;
				DEBUG_INFORMATION_FORMAT = dwarf;
				ENABLE_STRICT_OBJC_MSGSEND = YES;
				ENABLE_TESTABILITY = YES;
				GCC_C_LANGUAGE_STANDARD = gnu11;
				GCC_DYNAMIC_NO_PIC = NO;
				GCC_NO_COMMON_BLOCKS = YES;
				GCC_OPTIMIZATION_LEVEL = 0;
				GCC_PREPROCESSOR_DEFINITIONS = (
					"DEBUG=1",
					"$(inherited)",
				);
				GCC_WARN_64_TO_32_BIT_CONVERSION = YES;
				GCC_WARN_ABOUT_RETURN_TYPE = YES_ERROR;
				GCC_WARN_UNDECLARED_SELECTOR = YES;
				GCC_WARN_UNINITIALIZED_AUTOS = YES_AGGRESSIVE;
				GCC_WARN_UNUSED_FUNCTION = YES;
				GCC_WARN_UNUSED_VARIABLE = YES;
				MTL_ENABLE_DEBUG_INFO = INCLUDE_SOURCE;
				MTL_FAST_MATH = YES;
				ONLY_ACTIVE_ARCH = YES;
				SWIFT_ACTIVE_COMPILATION_CONDITIONS = DEBUG;
				SWIFT_OPTIMIZATION_LEVEL = "-Onone";
			};
			name = Debug;
		};
		23DE675928F98E7600F5AC6A /* Release */ = {
			isa = XCBuildConfiguration;
			buildSettings = {
				ALWAYS_SEARCH_USER_PATHS = NO;
				CLANG_ANALYZER_NONNULL = YES;
				CLANG_ANALYZER_NUMBER_OBJECT_CONVERSION = YES_AGGRESSIVE;
				CLANG_CXX_LANGUAGE_STANDARD = "gnu++20";
				CLANG_ENABLE_MODULES = YES;
				CLANG_ENABLE_OBJC_ARC = YES;
				CLANG_ENABLE_OBJC_WEAK = YES;
				CLANG_WARN_BLOCK_CAPTURE_AUTORELEASING = YES;
				CLANG_WARN_BOOL_CONVERSION = YES;
				CLANG_WARN_COMMA = YES;
				CLANG_WARN_CONSTANT_CONVERSION = YES;
				CLANG_WARN_DEPRECATED_OBJC_IMPLEMENTATIONS = YES;
				CLANG_WARN_DIRECT_OBJC_ISA_USAGE = YES_ERROR;
				CLANG_WARN_DOCUMENTATION_COMMENTS = YES;
				CLANG_WARN_EMPTY_BODY = YES;
				CLANG_WARN_ENUM_CONVERSION = YES;
				CLANG_WARN_INFINITE_RECURSION = YES;
				CLANG_WARN_INT_CONVERSION = YES;
				CLANG_WARN_NON_LITERAL_NULL_CONVERSION = YES;
				CLANG_WARN_OBJC_IMPLICIT_RETAIN_SELF = YES;
				CLANG_WARN_OBJC_LITERAL_CONVERSION = YES;
				CLANG_WARN_OBJC_ROOT_CLASS = YES_ERROR;
				CLANG_WARN_QUOTED_INCLUDE_IN_FRAMEWORK_HEADER = YES;
				CLANG_WARN_RANGE_LOOP_ANALYSIS = YES;
				CLANG_WARN_STRICT_PROTOTYPES = YES;
				CLANG_WARN_SUSPICIOUS_MOVE = YES;
				CLANG_WARN_UNGUARDED_AVAILABILITY = YES_AGGRESSIVE;
				CLANG_WARN_UNREACHABLE_CODE = YES;
				CLANG_WARN__DUPLICATE_METHOD_MATCH = YES;
				COPY_PHASE_STRIP = NO;
				DEBUG_INFORMATION_FORMAT = "dwarf-with-dsym";
				ENABLE_NS_ASSERTIONS = NO;
				ENABLE_STRICT_OBJC_MSGSEND = YES;
				GCC_C_LANGUAGE_STANDARD = gnu11;
				GCC_NO_COMMON_BLOCKS = YES;
				GCC_WARN_64_TO_32_BIT_CONVERSION = YES;
				GCC_WARN_ABOUT_RETURN_TYPE = YES_ERROR;
				GCC_WARN_UNDECLARED_SELECTOR = YES;
				GCC_WARN_UNINITIALIZED_AUTOS = YES_AGGRESSIVE;
				GCC_WARN_UNUSED_FUNCTION = YES;
				GCC_WARN_UNUSED_VARIABLE = YES;
				MTL_ENABLE_DEBUG_INFO = NO;
				MTL_FAST_MATH = YES;
				SWIFT_COMPILATION_MODE = wholemodule;
				SWIFT_OPTIMIZATION_LEVEL = "-O";
			};
			name = Release;
		};
		23DE675B28F98E7600F5AC6A /* Debug */ = {
			isa = XCBuildConfiguration;
			buildSettings = {
				ASSETCATALOG_COMPILER_APPICON_NAME = AppIcon;
				ASSETCATALOG_COMPILER_GLOBAL_ACCENT_COLOR_NAME = AccentColor;
				CODE_SIGN_ENTITLEMENTS = NFTApp/NFTApp.entitlements;
				CODE_SIGN_STYLE = Automatic;
				CURRENT_PROJECT_VERSION = 1;
				DEVELOPMENT_ASSET_PATHS = "\"NFTApp/Preview Content\"";
				DEVELOPMENT_TEAM = 62693BZN4B;
				ENABLE_HARDENED_RUNTIME = YES;
				ENABLE_PREVIEWS = YES;
				GENERATE_INFOPLIST_FILE = YES;
				"INFOPLIST_KEY_UIApplicationSceneManifest_Generation[sdk=iphoneos*]" = YES;
				"INFOPLIST_KEY_UIApplicationSceneManifest_Generation[sdk=iphonesimulator*]" = YES;
				"INFOPLIST_KEY_UIApplicationSupportsIndirectInputEvents[sdk=iphoneos*]" = YES;
				"INFOPLIST_KEY_UIApplicationSupportsIndirectInputEvents[sdk=iphonesimulator*]" = YES;
				"INFOPLIST_KEY_UILaunchScreen_Generation[sdk=iphoneos*]" = YES;
				"INFOPLIST_KEY_UILaunchScreen_Generation[sdk=iphonesimulator*]" = YES;
				"INFOPLIST_KEY_UIStatusBarStyle[sdk=iphoneos*]" = UIStatusBarStyleDefault;
				"INFOPLIST_KEY_UIStatusBarStyle[sdk=iphonesimulator*]" = UIStatusBarStyleDefault;
				INFOPLIST_KEY_UISupportedInterfaceOrientations_iPad = "UIInterfaceOrientationPortrait UIInterfaceOrientationPortraitUpsideDown UIInterfaceOrientationLandscapeLeft UIInterfaceOrientationLandscapeRight";
				INFOPLIST_KEY_UISupportedInterfaceOrientations_iPhone = "UIInterfaceOrientationPortrait UIInterfaceOrientationLandscapeLeft UIInterfaceOrientationLandscapeRight";
				IPHONEOS_DEPLOYMENT_TARGET = 16.0;
				LD_RUNPATH_SEARCH_PATHS = "@executable_path/Frameworks";
				"LD_RUNPATH_SEARCH_PATHS[sdk=macosx*]" = "@executable_path/../Frameworks";
				MACOSX_DEPLOYMENT_TARGET = 12.3;
				MARKETING_VERSION = 1.0;
				PRODUCT_BUNDLE_IDENTIFIER = berkaydisli.NFTApp;
				PRODUCT_NAME = "$(TARGET_NAME)";
				SDKROOT = auto;
				SUPPORTED_PLATFORMS = "iphoneos iphonesimulator macosx";
				SWIFT_EMIT_LOC_STRINGS = YES;
				SWIFT_VERSION = 5.0;
				TARGETED_DEVICE_FAMILY = "1,2";
			};
			name = Debug;
		};
		23DE675C28F98E7600F5AC6A /* Release */ = {
			isa = XCBuildConfiguration;
			buildSettings = {
				ASSETCATALOG_COMPILER_APPICON_NAME = AppIcon;
				ASSETCATALOG_COMPILER_GLOBAL_ACCENT_COLOR_NAME = AccentColor;
				CODE_SIGN_ENTITLEMENTS = NFTApp/NFTApp.entitlements;
				CODE_SIGN_STYLE = Automatic;
				CURRENT_PROJECT_VERSION = 1;
				DEVELOPMENT_ASSET_PATHS = "\"NFTApp/Preview Content\"";
				DEVELOPMENT_TEAM = 62693BZN4B;
				ENABLE_HARDENED_RUNTIME = YES;
				ENABLE_PREVIEWS = YES;
				GENERATE_INFOPLIST_FILE = YES;
				"INFOPLIST_KEY_UIApplicationSceneManifest_Generation[sdk=iphoneos*]" = YES;
				"INFOPLIST_KEY_UIApplicationSceneManifest_Generation[sdk=iphonesimulator*]" = YES;
				"INFOPLIST_KEY_UIApplicationSupportsIndirectInputEvents[sdk=iphoneos*]" = YES;
				"INFOPLIST_KEY_UIApplicationSupportsIndirectInputEvents[sdk=iphonesimulator*]" = YES;
				"INFOPLIST_KEY_UILaunchScreen_Generation[sdk=iphoneos*]" = YES;
				"INFOPLIST_KEY_UILaunchScreen_Generation[sdk=iphonesimulator*]" = YES;
				"INFOPLIST_KEY_UIStatusBarStyle[sdk=iphoneos*]" = UIStatusBarStyleDefault;
				"INFOPLIST_KEY_UIStatusBarStyle[sdk=iphonesimulator*]" = UIStatusBarStyleDefault;
				INFOPLIST_KEY_UISupportedInterfaceOrientations_iPad = "UIInterfaceOrientationPortrait UIInterfaceOrientationPortraitUpsideDown UIInterfaceOrientationLandscapeLeft UIInterfaceOrientationLandscapeRight";
				INFOPLIST_KEY_UISupportedInterfaceOrientations_iPhone = "UIInterfaceOrientationPortrait UIInterfaceOrientationLandscapeLeft UIInterfaceOrientationLandscapeRight";
				IPHONEOS_DEPLOYMENT_TARGET = 16.0;
				LD_RUNPATH_SEARCH_PATHS = "@executable_path/Frameworks";
				"LD_RUNPATH_SEARCH_PATHS[sdk=macosx*]" = "@executable_path/../Frameworks";
				MACOSX_DEPLOYMENT_TARGET = 12.3;
				MARKETING_VERSION = 1.0;
				PRODUCT_BUNDLE_IDENTIFIER = berkaydisli.NFTApp;
				PRODUCT_NAME = "$(TARGET_NAME)";
				SDKROOT = auto;
				SUPPORTED_PLATFORMS = "iphoneos iphonesimulator macosx";
				SWIFT_EMIT_LOC_STRINGS = YES;
				SWIFT_VERSION = 5.0;
				TARGETED_DEVICE_FAMILY = "1,2";
			};
			name = Release;
		};
/* End XCBuildConfiguration section */

/* Begin XCConfigurationList section */
		23DE674628F98E7500F5AC6A /* Build configuration list for PBXProject "NFTApp" */ = {
			isa = XCConfigurationList;
			buildConfigurations = (
				23DE675828F98E7600F5AC6A /* Debug */,
				23DE675928F98E7600F5AC6A /* Release */,
			);
			defaultConfigurationIsVisible = 0;
			defaultConfigurationName = Release;
		};
		23DE675A28F98E7600F5AC6A /* Build configuration list for PBXNativeTarget "NFTApp" */ = {
			isa = XCConfigurationList;
			buildConfigurations = (
				23DE675B28F98E7600F5AC6A /* Debug */,
				23DE675C28F98E7600F5AC6A /* Release */,
			);
			defaultConfigurationIsVisible = 0;
			defaultConfigurationName = Release;
		};
/* End XCConfigurationList section */
	};
	rootObject = 23DE674328F98E7500F5AC6A /* Project object */;
}
